
Microsoft Visual Studio Solution File, Format Version 12.00
# Visual Studio Version 17
VisualStudioVersion = 17.0.31903.59
MinimumVisualStudioVersion = 10.0.40219.1
Project("{FAE04EC0-301F-11D3-BF4B-00C04F79EFBC}") = "XXxxDotNetAppProj", "XXxxDotNetAppProj\XXxxDotNetAppProj.csproj", "{C0EFCC48-5E20-46DB-9958-BEDF9C2002B8}"
EndProject
Project("{FAE04EC0-301F-11D3-BF4B-00C04F79EFBC}") = "XXxxDotNetLib", "XXxxDotNetLib\XXxxDotNetLib.csproj", "{3BD4CA2C-1D8B-409E-B7D1-3432B896CCF2}"
EndProject
Global
	GlobalSection(SolutionConfigurationPlatforms) = preSolution
		Debug|Any CPU = Debug|Any CPU
		Release|Any CPU = Release|Any CPU
	EndGlobalSection
	GlobalSection(SolutionProperties) = preSolution
		HideSolutionNode = FALSE
	EndGlobalSection
	GlobalSection(ProjectConfigurationPlatforms) = postSolution
		{C0EFCC48-5E20-46DB-9958-BEDF9C2002B8}.Debug|Any CPU.ActiveCfg = Debug|Any CPU
		{C0EFCC48-5E20-46DB-9958-BEDF9C2002B8}.Debug|Any CPU.Build.0 = Debug|Any CPU
		{C0EFCC48-5E20-46DB-9958-BEDF9C2002B8}.Release|Any CPU.ActiveCfg = Release|Any CPU
		{C0EFCC48-5E20-46DB-9958-BEDF9C2002B8}.Release|Any CPU.Build.0 = Release|Any CPU
		{3BD4CA2C-1D8B-409E-B7D1-3432B896CCF2}.Debug|Any CPU.ActiveCfg = Debug|Any CPU
		{3BD4CA2C-1D8B-409E-B7D1-3432B896CCF2}.Debug|Any CPU.Build.0 = Debug|Any CPU
		{3BD4CA2C-1D8B-409E-B7D1-3432B896CCF2}.Release|Any CPU.ActiveCfg = Release|Any CPU
		{3BD4CA2C-1D8B-409E-B7D1-3432B896CCF2}.Release|Any CPU.Build.0 = Release|Any CPU
	EndGlobalSection
EndGlobal
